{
  "name": "platforms-test",
  "version": "1.0.0",
  "lockfileVersion": 3,
  "requires": true,
  "packages": {
    "": {
      "name": "platforms-test",
      "version": "1.0.0",
      "license": "ISC",
      "dependencies": {
        "@zhsaule/platforms": "^1.0.0"
      }
    },
    "node_modules/@zhsaule/platforms": {
      "version": "1.0.0",
      "resolved": "https://npm.pkg.github.com/download/@zhsaule/platforms/1.0.0/da939e8332fc2c051d4684ce8716533b2a359619",
      "integrity": "sha512-gdm3WdpYA6g5ThXdWL5LOvjjGmddqSPJrfe1U4luPb3DpFnq7C+fgL6CJhEde7dquG/QcVX7PaKBSkpv4UAeiA==",
      "license": "ISC"
    }
  }
}
